
Microsoft Visual Studio Solution File, Format Version 12.00
# Visual Studio Version 17
VisualStudioVersion = 17.7.34003.232
MinimumVisualStudioVersion = 10.0.40219.1
Project("{FAE04EC0-301F-11D3-BF4B-00C04F79EFBC}") = "RompeCoco", "RompeCoco\RompeCoco.csproj", "{4C3A6D29-531A-4ABA-9532-DB44A42A9A77}"
EndProject
Global
	GlobalSection(SolutionConfigurationPlatforms) = preSolution
		Debug|Any CPU = Debug|Any CPU
		Release|Any CPU = Release|Any CPU
	EndGlobalSection
	GlobalSection(ProjectConfigurationPlatforms) = postSolution
		{4C3A6D29-531A-4ABA-9532-DB44A42A9A77}.Debug|Any CPU.ActiveCfg = Debug|Any CPU
		{4C3A6D29-531A-4ABA-9532-DB44A42A9A77}.Debug|Any CPU.Build.0 = Debug|Any CPU
		{4C3A6D29-531A-4ABA-9532-DB44A42A9A77}.Release|Any CPU.ActiveCfg = Release|Any CPU
		{4C3A6D29-531A-4ABA-9532-DB44A42A9A77}.Release|Any CPU.Build.0 = Release|Any CPU
	EndGlobalSection
	GlobalSection(SolutionProperties) = preSolution
		HideSolutionNode = FALSE
	EndGlobalSection
	GlobalSection(ExtensibilityGlobals) = postSolution
		SolutionGuid = {C047EDD8-7B37-4281-924D-298412D2A620}
	EndGlobalSection
EndGlobal
